
Microsoft Visual Studio Solution File, Format Version 12.00
# Visual Studio Version 17
VisualStudioVersion = 17.9.34701.34
MinimumVisualStudioVersion = 10.0.40219.1
Project("{9A19103F-16F7-4668-BE54-9A1E7A4F7556}") = "HotelBooking.Data", "HotelBooking.Data\HotelBooking.Data.csproj", "{05D11438-676E-4D49-99FE-6F0A26515902}"
EndProject
Project("{9A19103F-16F7-4668-BE54-9A1E7A4F7556}") = "HotelBooking.Core", "HotelBooking.Core\HotelBooking.Core.csproj", "{BCD6D8CD-97D7-4D4E-9E94-0B6162603FFE}"
EndProject
Project("{9A19103F-16F7-4668-BE54-9A1E7A4F7556}") = "HotelBooking", "HotelBooking\HotelBooking.csproj", "{0E43399D-9749-4022-9EB8-6077B4301C0D}"
EndProject
Global
	GlobalSection(SolutionConfigurationPlatforms) = preSolution
		Debug|Any CPU = Debug|Any CPU
		Release|Any CPU = Release|Any CPU
	EndGlobalSection
	GlobalSection(ProjectConfigurationPlatforms) = postSolution
		{05D11438-676E-4D49-99FE-6F0A26515902}.Debug|Any CPU.ActiveCfg = Debug|Any CPU
		{05D11438-676E-4D49-99FE-6F0A26515902}.Debug|Any CPU.Build.0 = Debug|Any CPU
		{05D11438-676E-4D49-99FE-6F0A26515902}.Release|Any CPU.ActiveCfg = Release|Any CPU
		{05D11438-676E-4D49-99FE-6F0A26515902}.Release|Any CPU.Build.0 = Release|Any CPU
		{BCD6D8CD-97D7-4D4E-9E94-0B6162603FFE}.Debug|Any CPU.ActiveCfg = Debug|Any CPU
		{BCD6D8CD-97D7-4D4E-9E94-0B6162603FFE}.Debug|Any CPU.Build.0 = Debug|Any CPU
		{BCD6D8CD-97D7-4D4E-9E94-0B6162603FFE}.Release|Any CPU.ActiveCfg = Release|Any CPU
		{BCD6D8CD-97D7-4D4E-9E94-0B6162603FFE}.Release|Any CPU.Build.0 = Release|Any CPU
		{0E43399D-9749-4022-9EB8-6077B4301C0D}.Debug|Any CPU.ActiveCfg = Debug|Any CPU
		{0E43399D-9749-4022-9EB8-6077B4301C0D}.Debug|Any CPU.Build.0 = Debug|Any CPU
		{0E43399D-9749-4022-9EB8-6077B4301C0D}.Release|Any CPU.ActiveCfg = Release|Any CPU
		{0E43399D-9749-4022-9EB8-6077B4301C0D}.Release|Any CPU.Build.0 = Release|Any CPU
	EndGlobalSection
	GlobalSection(SolutionProperties) = preSolution
		HideSolutionNode = FALSE
	EndGlobalSection
	GlobalSection(ExtensibilityGlobals) = postSolution
		SolutionGuid = {B25CD899-04B5-40BB-8A87-7795FE58444F}
	EndGlobalSection
EndGlobal
